// !$*UTF8*$!
{
	archiveVersion = 1;
	classes = {
	};
	objectVersion = 46;
	objects = {

/* Begin PBXBuildFile section */
		8460DBCE1ECDC2C7001D78B1 /* AppDelegate.swift in Sources */ = {isa = PBXBuildFile; fileRef = 8460DBCD1ECDC2C7001D78B1 /* AppDelegate.swift */; };
		8460DBD01ECDC2C7001D78B1 /* ViewController.swift in Sources */ = {isa = PBXBuildFile; fileRef = 8460DBCF1ECDC2C7001D78B1 /* ViewController.swift */; };
		8460DBD31ECDC2C7001D78B1 /* Main.storyboard in Resources */ = {isa = PBXBuildFile; fileRef = 8460DBD11ECDC2C7001D78B1 /* Main.storyboard */; };
		8460DBD51ECDC2C7001D78B1 /* Assets.xcassets in Resources */ = {isa = PBXBuildFile; fileRef = 8460DBD41ECDC2C7001D78B1 /* Assets.xcassets */; };
		8460DBD81ECDC2C7001D78B1 /* LaunchScreen.storyboard in Resources */ = {isa = PBXBuildFile; fileRef = 8460DBD61ECDC2C7001D78B1 /* LaunchScreen.storyboard */; };
		8460DBE11ECEBB9C001D78B1 /* StorytelBridgeApi.swift in Sources */ = {isa = PBXBuildFile; fileRef = 8460DBE01ECEBB9C001D78B1 /* StorytelBridgeApi.swift */; };
		8460DBE61ECEC5C5001D78B1 /* List.swift in Sources */ = {isa = PBXBuildFile; fileRef = 8460DBE51ECEC5C5001D78B1 /* List.swift */; };
		FF8E8A09F559E2BF7B82AEA4 /* Pods_StorytelBridgeTestTask.framework in Frameworks */ = {isa = PBXBuildFile; fileRef = 048AA36CFB984E25D677B270 /* Pods_StorytelBridgeTestTask.framework */; };
/* End PBXBuildFile section */

/* Begin PBXFileReference section */
		048AA36CFB984E25D677B270 /* Pods_StorytelBridgeTestTask.framework */ = {isa = PBXFileReference; explicitFileType = wrapper.framework; includeInIndex = 0; path = Pods_StorytelBridgeTestTask.framework; sourceTree = BUILT_PRODUCTS_DIR; };
		1CCB7904947B82B8DA03E6A7 /* Pods-StorytelBridgeTestTask.release.xcconfig */ = {isa = PBXFileReference; includeInIndex = 1; lastKnownFileType = text.xcconfig; name = "Pods-StorytelBridgeTestTask.release.xcconfig"; path = "Pods/Target Support Files/Pods-StorytelBridgeTestTask/Pods-StorytelBridgeTestTask.release.xcconfig"; sourceTree = "<group>"; };
		2C39EF3D9F02A64E9C9F0756 /* Pods-StorytelBridgeTestTask.debug.xcconfig */ = {isa = PBXFileReference; includeInIndex = 1; lastKnownFileType = text.xcconfig; name = "Pods-StorytelBridgeTestTask.debug.xcconfig"; path = "Pods/Target Support Files/Pods-StorytelBridgeTestTask/Pods-StorytelBridgeTestTask.debug.xcconfig"; sourceTree = "<group>"; };
		8460DBCA1ECDC2C7001D78B1 /* StorytelBridgeTestTask.app */ = {isa = PBXFileReference; explicitFileType = wrapper.application; includeInIndex = 0; path = StorytelBridgeTestTask.app; sourceTree = BUILT_PRODUCTS_DIR; };
		8460DBCD1ECDC2C7001D78B1 /* AppDelegate.swift */ = {isa = PBXFileReference; lastKnownFileType = sourcecode.swift; path = AppDelegate.swift; sourceTree = "<group>"; };
		8460DBCF1ECDC2C7001D78B1 /* ViewController.swift */ = {isa = PBXFileReference; lastKnownFileType = sourcecode.swift; path = ViewController.swift; sourceTree = "<group>"; };
		8460DBD21ECDC2C7001D78B1 /* Base */ = {isa = PBXFileReference; lastKnownFileType = file.storyboard; name = Base; path = Base.lproj/Main.storyboard; sourceTree = "<group>"; };
		8460DBD41ECDC2C7001D78B1 /* Assets.xcassets */ = {isa = PBXFileReference; lastKnownFileType = folder.assetcatalog; path = Assets.xcassets; sourceTree = "<group>"; };
		8460DBD71ECDC2C7001D78B1 /* Base */ = {isa = PBXFileReference; lastKnownFileType = file.storyboard; name = Base; path = Base.lproj/LaunchScreen.storyboard; sourceTree = "<group>"; };
		8460DBD91ECDC2C7001D78B1 /* Info.plist */ = {isa = PBXFileReference; lastKnownFileType = text.plist.xml; path = Info.plist; sourceTree = "<group>"; };
		8460DBE01ECEBB9C001D78B1 /* StorytelBridgeApi.swift */ = {isa = PBXFileReference; fileEncoding = 4; lastKnownFileType = sourcecode.swift; path = StorytelBridgeApi.swift; sourceTree = "<group>"; };
		8460DBE51ECEC5C5001D78B1 /* List.swift */ = {isa = PBXFileReference; fileEncoding = 4; lastKnownFileType = sourcecode.swift; path = List.swift; sourceTree = "<group>"; };
/* End PBXFileReference section */

/* Begin PBXFrameworksBuildPhase section */
		8460DBC71ECDC2C7001D78B1 /* Frameworks */ = {
			isa = PBXFrameworksBuildPhase;
			buildActionMask = 2147483647;
			files = (
				FF8E8A09F559E2BF7B82AEA4 /* Pods_StorytelBridgeTestTask.framework in Frameworks */,
			);
			runOnlyForDeploymentPostprocessing = 0;
		};
/* End PBXFrameworksBuildPhase section */

/* Begin PBXGroup section */
		83339DF5FDDBB7A6050B8BDD /* Pods */ = {
			isa = PBXGroup;
			children = (
				2C39EF3D9F02A64E9C9F0756 /* Pods-StorytelBridgeTestTask.debug.xcconfig */,
				1CCB7904947B82B8DA03E6A7 /* Pods-StorytelBridgeTestTask.release.xcconfig */,
			);
			name = Pods;
			sourceTree = "<group>";
		};
		8460DBC11ECDC2C7001D78B1 = {
			isa = PBXGroup;
			children = (
				8460DBCC1ECDC2C7001D78B1 /* StorytelBridgeTestTask */,
				8460DBCB1ECDC2C7001D78B1 /* Products */,
				83339DF5FDDBB7A6050B8BDD /* Pods */,
				E9040BA170D3D931A9D742B1 /* Frameworks */,
			);
			sourceTree = "<group>";
		};
		8460DBCB1ECDC2C7001D78B1 /* Products */ = {
			isa = PBXGroup;
			children = (
				8460DBCA1ECDC2C7001D78B1 /* StorytelBridgeTestTask.app */,
			);
			name = Products;
			sourceTree = "<group>";
		};
		8460DBCC1ECDC2C7001D78B1 /* StorytelBridgeTestTask */ = {
			isa = PBXGroup;
			children = (
				8460DBCD1ECDC2C7001D78B1 /* AppDelegate.swift */,
				8460DBDF1ECEBB73001D78B1 /* API */,
				8460DBE21ECEC4DC001D78B1 /* Model */,
				8460DBE31ECEC4EB001D78B1 /* Views */,
				8460DBE41ECEC4F3001D78B1 /* Controller */,
				8460DBD11ECDC2C7001D78B1 /* Main.storyboard */,
				8460DBD41ECDC2C7001D78B1 /* Assets.xcassets */,
				8460DBD61ECDC2C7001D78B1 /* LaunchScreen.storyboard */,
				8460DBD91ECDC2C7001D78B1 /* Info.plist */,
			);
			path = StorytelBridgeTestTask;
			sourceTree = "<group>";
		};
		8460DBDF1ECEBB73001D78B1 /* API */ = {
			isa = PBXGroup;
			children = (
				8460DBE01ECEBB9C001D78B1 /* StorytelBridgeApi.swift */,
			);
			name = API;
			sourceTree = "<group>";
		};
		8460DBE21ECEC4DC001D78B1 /* Model */ = {
			isa = PBXGroup;
			children = (
				8460DBE51ECEC5C5001D78B1 /* List.swift */,
			);
			name = Model;
			sourceTree = "<group>";
		};
		8460DBE31ECEC4EB001D78B1 /* Views */ = {
			isa = PBXGroup;
			children = (
			);
			name = Views;
			sourceTree = "<group>";
		};
		8460DBE41ECEC4F3001D78B1 /* Controller */ = {
			isa = PBXGroup;
			children = (
				8460DBCF1ECDC2C7001D78B1 /* ViewController.swift */,
			);
			name = Controller;
			sourceTree = "<group>";
		};
		E9040BA170D3D931A9D742B1 /* Frameworks */ = {
			isa = PBXGroup;
			children = (
				048AA36CFB984E25D677B270 /* Pods_StorytelBridgeTestTask.framework */,
			);
			name = Frameworks;
			sourceTree = "<group>";
		};
/* End PBXGroup section */

/* Begin PBXNativeTarget section */
		8460DBC91ECDC2C7001D78B1 /* StorytelBridgeTestTask */ = {
			isa = PBXNativeTarget;
			buildConfigurationList = 8460DBDC1ECDC2C7001D78B1 /* Build configuration list for PBXNativeTarget "StorytelBridgeTestTask" */;
			buildPhases = (
				90DA6186923C2E7FC8EF6C7D /* [CP] Check Pods Manifest.lock */,
				8460DBC61ECDC2C7001D78B1 /* Sources */,
				8460DBC71ECDC2C7001D78B1 /* Frameworks */,
				8460DBC81ECDC2C7001D78B1 /* Resources */,
				6D356B8CC613C9EA28623589 /* [CP] Embed Pods Frameworks */,
				378D351D6B76CD8C5C83C405 /* [CP] Copy Pods Resources */,
			);
			buildRules = (
			);
			dependencies = (
			);
			name = StorytelBridgeTestTask;
			productName = StorytelBridgeTestTask;
			productReference = 8460DBCA1ECDC2C7001D78B1 /* StorytelBridgeTestTask.app */;
			productType = "com.apple.product-type.application";
		};
/* End PBXNativeTarget section */

/* Begin PBXProject section */
		8460DBC21ECDC2C7001D78B1 /* Project object */ = {
			isa = PBXProject;
			attributes = {
				LastSwiftUpdateCheck = 0830;
				LastUpgradeCheck = 0830;
				ORGANIZATIONNAME = rusel95;
				TargetAttributes = {
					8460DBC91ECDC2C7001D78B1 = {
						CreatedOnToolsVersion = 8.3;
						DevelopmentTeam = FWHF624C4H;
						ProvisioningStyle = Automatic;
					};
				};
			};
			buildConfigurationList = 8460DBC51ECDC2C7001D78B1 /* Build configuration list for PBXProject "StorytelBridgeTestTask" */;
			compatibilityVersion = "Xcode 3.2";
			developmentRegion = English;
			hasScannedForEncodings = 0;
			knownRegions = (
				en,
				Base,
			);
			mainGroup = 8460DBC11ECDC2C7001D78B1;
			productRefGroup = 8460DBCB1ECDC2C7001D78B1 /* Products */;
			projectDirPath = "";
			projectRoot = "";
			targets = (
				8460DBC91ECDC2C7001D78B1 /* StorytelBridgeTestTask */,
			);
		};
/* End PBXProject section */

/* Begin PBXResourcesBuildPhase section */
		8460DBC81ECDC2C7001D78B1 /* Resources */ = {
			isa = PBXResourcesBuildPhase;
			buildActionMask = 2147483647;
			files = (
				8460DBD81ECDC2C7001D78B1 /* LaunchScreen.storyboard in Resources */,
				8460DBD51ECDC2C7001D78B1 /* Assets.xcassets in Resources */,
				8460DBD31ECDC2C7001D78B1 /* Main.storyboard in Resources */,
			);
			runOnlyForDeploymentPostprocessing = 0;
		};
/* End PBXResourcesBuildPhase section */

/* Begin PBXShellScriptBuildPhase section */
		378D351D6B76CD8C5C83C405 /* [CP] Copy Pods Resources */ = {
			isa = PBXShellScriptBuildPhase;
			buildActionMask = 2147483647;
			files = (
			);
			inputPaths = (
			);
			name = "[CP] Copy Pods Resources";
			outputPaths = (
			);
			runOnlyForDeploymentPostprocessing = 0;
			shellPath = /bin/sh;
			shellScript = "\"${SRCROOT}/Pods/Target Support Files/Pods-StorytelBridgeTestTask/Pods-StorytelBridgeTestTask-resources.sh\"\n";
			showEnvVarsInLog = 0;
		};
		6D356B8CC613C9EA28623589 /* [CP] Embed Pods Frameworks */ = {
			isa = PBXShellScriptBuildPhase;
			buildActionMask = 2147483647;
			files = (
			);
			inputPaths = (
			);
			name = "[CP] Embed Pods Frameworks";
			outputPaths = (
			);
			runOnlyForDeploymentPostprocessing = 0;
			shellPath = /bin/sh;
			shellScript = "\"${SRCROOT}/Pods/Target Support Files/Pods-StorytelBridgeTestTask/Pods-StorytelBridgeTestTask-frameworks.sh\"\n";
			showEnvVarsInLog = 0;
		};
		90DA6186923C2E7FC8EF6C7D /* [CP] Check Pods Manifest.lock */ = {
			isa = PBXShellScriptBuildPhase;
			buildActionMask = 2147483647;
			files = (
			);
			inputPaths = (
			);
			name = "[CP] Check Pods Manifest.lock";
			outputPaths = (
			);
			runOnlyForDeploymentPostprocessing = 0;
			shellPath = /bin/sh;
			shellScript = "diff \"${PODS_PODFILE_DIR_PATH}/Podfile.lock\" \"${PODS_ROOT}/Manifest.lock\" > /dev/null\nif [ $? != 0 ] ; then\n    # print error to STDERR\n    echo \"error: The sandbox is not in sync with the Podfile.lock. Run 'pod install' or update your CocoaPods installation.\" >&2\n    exit 1\nfi\n";
			showEnvVarsInLog = 0;
		};
/* End PBXShellScriptBuildPhase section */

/* Begin PBXSourcesBuildPhase section */
		8460DBC61ECDC2C7001D78B1 /* Sources */ = {
			isa = PBXSourcesBuildPhase;
			buildActionMask = 2147483647;
			files = (
				8460DBD01ECDC2C7001D78B1 /* ViewController.swift in Sources */,
				8460DBE61ECEC5C5001D78B1 /* List.swift in Sources */,
				8460DBCE1ECDC2C7001D78B1 /* AppDelegate.swift in Sources */,
				8460DBE11ECEBB9C001D78B1 /* StorytelBridgeApi.swift in Sources */,
			);
			runOnlyForDeploymentPostprocessing = 0;
		};
/* End PBXSourcesBuildPhase section */

/* Begin PBXVariantGroup section */
		8460DBD11ECDC2C7001D78B1 /* Main.storyboard */ = {
			isa = PBXVariantGroup;
			children = (
				8460DBD21ECDC2C7001D78B1 /* Base */,
			);
			name = Main.storyboard;
			sourceTree = "<group>";
		};
		8460DBD61ECDC2C7001D78B1 /* LaunchScreen.storyboard */ = {
			isa = PBXVariantGroup;
			children = (
				8460DBD71ECDC2C7001D78B1 /* Base */,
			);
			name = LaunchScreen.storyboard;
			sourceTree = "<group>";
		};
/* End PBXVariantGroup section */

/* Begin XCBuildConfiguration section */
		8460DBDA1ECDC2C7001D78B1 /* Debug */ = {
			isa = XCBuildConfiguration;
			buildSettings = {
				ALWAYS_SEARCH_USER_PATHS = NO;
				CLANG_ANALYZER_NONNULL = YES;
				CLANG_ANALYZER_NUMBER_OBJECT_CONVERSION = YES_AGGRESSIVE;
				CLANG_CXX_LANGUAGE_STANDARD = "gnu++0x";
				CLANG_CXX_LIBRARY = "libc++";
				CLANG_ENABLE_MODULES = YES;
				CLANG_ENABLE_OBJC_ARC = YES;
				CLANG_WARN_BOOL_CONVERSION = YES;
				CLANG_WARN_CONSTANT_CONVERSION = YES;
				CLANG_WARN_DIRECT_OBJC_ISA_USAGE = YES_ERROR;
				CLANG_WARN_DOCUMENTATION_COMMENTS = YES;
				CLANG_WARN_EMPTY_BODY = YES;
				CLANG_WARN_ENUM_CONVERSION = YES;
				CLANG_WARN_INFINITE_RECURSION = YES;
				CLANG_WARN_INT_CONVERSION = YES;
				CLANG_WARN_OBJC_ROOT_CLASS = YES_ERROR;
				CLANG_WARN_SUSPICIOUS_MOVE = YES;
				CLANG_WARN_UNREACHABLE_CODE = YES;
				CLANG_WARN__DUPLICATE_METHOD_MATCH = YES;
				"CODE_SIGN_IDENTITY[sdk=iphoneos*]" = "iPhone Developer";
				COPY_PHASE_STRIP = NO;
				DEBUG_INFORMATION_FORMAT = dwarf;
				ENABLE_STRICT_OBJC_MSGSEND = YES;
				ENABLE_TESTABILITY = YES;
				GCC_C_LANGUAGE_STANDARD = gnu99;
				GCC_DYNAMIC_NO_PIC = NO;
				GCC_NO_COMMON_BLOCKS = YES;
				GCC_OPTIMIZATION_LEVEL = 0;
				GCC_PREPROCESSOR_DEFINITIONS = (
					"DEBUG=1",
					"$(inherited)",
				);
				GCC_WARN_64_TO_32_BIT_CONVERSION = YES;
				GCC_WARN_ABOUT_RETURN_TYPE = YES_ERROR;
				GCC_WARN_UNDECLARED_SELECTOR = YES;
				GCC_WARN_UNINITIALIZED_AUTOS = YES_AGGRESSIVE;
				GCC_WARN_UNUSED_FUNCTION = YES;
				GCC_WARN_UNUSED_VARIABLE = YES;
				IPHONEOS_DEPLOYMENT_TARGET = 10.0;
				MTL_ENABLE_DEBUG_INFO = YES;
				ONLY_ACTIVE_ARCH = YES;
				SDKROOT = iphoneos;
				SWIFT_ACTIVE_COMPILATION_CONDITIONS = DEBUG;
				SWIFT_OPTIMIZATION_LEVEL = "-Onone";
			};
			name = Debug;
		};
		8460DBDB1ECDC2C7001D78B1 /* Release */ = {
			isa = XCBuildConfiguration;
			buildSettings = {
				ALWAYS_SEARCH_USER_PATHS = NO;
				CLANG_ANALYZER_NONNULL = YES;
				CLANG_ANALYZER_NUMBER_OBJECT_CONVERSION = YES_AGGRESSIVE;
				CLANG_CXX_LANGUAGE_STANDARD = "gnu++0x";
				CLANG_CXX_LIBRARY = "libc++";
				CLANG_ENABLE_MODULES = YES;
				CLANG_ENABLE_OBJC_ARC = YES;
				CLANG_WARN_BOOL_CONVERSION = YES;
				CLANG_WARN_CONSTANT_CONVERSION = YES;
				CLANG_WARN_DIRECT_OBJC_ISA_USAGE = YES_ERROR;
				CLANG_WARN_DOCUMENTATION_COMMENTS = YES;
				CLANG_WARN_EMPTY_BODY = YES;
				CLANG_WARN_ENUM_CONVERSION = YES;
				CLANG_WARN_INFINITE_RECURSION = YES;
				CLANG_WARN_INT_CONVERSION = YES;
				CLANG_WARN_OBJC_ROOT_CLASS = YES_ERROR;
				CLANG_WARN_SUSPICIOUS_MOVE = YES;
				CLANG_WARN_UNREACHABLE_CODE = YES;
				CLANG_WARN__DUPLICATE_METHOD_MATCH = YES;
				"CODE_SIGN_IDENTITY[sdk=iphoneos*]" = "iPhone Developer";
				COPY_PHASE_STRIP = NO;
				DEBUG_INFORMATION_FORMAT = "dwarf-with-dsym";
				ENABLE_NS_ASSERTIONS = NO;
				ENABLE_STRICT_OBJC_MSGSEND = YES;
				GCC_C_LANGUAGE_STANDARD = gnu99;
				GCC_NO_COMMON_BLOCKS = YES;
				GCC_WARN_64_TO_32_BIT_CONVERSION = YES;
				GCC_WARN_ABOUT_RETURN_TYPE = YES_ERROR;
				GCC_WARN_UNDECLARED_SELECTOR = YES;
				GCC_WARN_UNINITIALIZED_AUTOS = YES_AGGRESSIVE;
				GCC_WARN_UNUSED_FUNCTION = YES;
				GCC_WARN_UNUSED_VARIABLE = YES;
				IPHONEOS_DEPLOYMENT_TARGET = 10.0;
				MTL_ENABLE_DEBUG_INFO = NO;
				SDKROOT = iphoneos;
				SWIFT_OPTIMIZATION_LEVEL = "-Owholemodule";
				VALIDATE_PRODUCT = YES;
			};
			name = Release;
		};
		8460DBDD1ECDC2C7001D78B1 /* Debug */ = {
			isa = XCBuildConfiguration;
			baseConfigurationReference = 2C39EF3D9F02A64E9C9F0756 /* Pods-StorytelBridgeTestTask.debug.xcconfig */;
			buildSettings = {
				ASSETCATALOG_COMPILER_APPICON_NAME = AppIcon;
				DEVELOPMENT_TEAM = FWHF624C4H;
				INFOPLIST_FILE = StorytelBridgeTestTask/Info.plist;
				IPHONEOS_DEPLOYMENT_TARGET = 10.0;
				LD_RUNPATH_SEARCH_PATHS = "$(inherited) @executable_path/Frameworks";
				PRODUCT_BUNDLE_IDENTIFIER = com.rusel95.StorytelBridgeTestTask;
				PRODUCT_NAME = "$(TARGET_NAME)";
				SWIFT_VERSION = 3.0;
			};
			name = Debug;
		};
		8460DBDE1ECDC2C7001D78B1 /* Release */ = {
			isa = XCBuildConfiguration;
			baseConfigurationReference = 1CCB7904947B82B8DA03E6A7 /* Pods-StorytelBridgeTestTask.release.xcconfig */;
			buildSettings = {
				ASSETCATALOG_COMPILER_APPICON_NAME = AppIcon;
				DEVELOPMENT_TEAM = FWHF624C4H;
				INFOPLIST_FILE = StorytelBridgeTestTask/Info.plist;
				IPHONEOS_DEPLOYMENT_TARGET = 10.0;
				LD_RUNPATH_SEARCH_PATHS = "$(inherited) @executable_path/Frameworks";
				PRODUCT_BUNDLE_IDENTIFIER = com.rusel95.StorytelBridgeTestTask;
				PRODUCT_NAME = "$(TARGET_NAME)";
				SWIFT_VERSION = 3.0;
			};
			name = Release;
		};
/* End XCBuildConfiguration section */

/* Begin XCConfigurationList section */
		8460DBC51ECDC2C7001D78B1 /* Build configuration list for PBXProject "StorytelBridgeTestTask" */ = {
			isa = XCConfigurationList;
			buildConfigurations = (
				8460DBDA1ECDC2C7001D78B1 /* Debug */,
				8460DBDB1ECDC2C7001D78B1 /* Release */,
			);
			defaultConfigurationIsVisible = 0;
			defaultConfigurationName = Release;
		};
		8460DBDC1ECDC2C7001D78B1 /* Build configuration list for PBXNativeTarget "StorytelBridgeTestTask" */ = {
			isa = XCConfigurationList;
			buildConfigurations = (
				8460DBDD1ECDC2C7001D78B1 /* Debug */,
				8460DBDE1ECDC2C7001D78B1 /* Release */,
			);
			defaultConfigurationIsVisible = 0;
			defaultConfigurationName = Release;
		};
/* End XCConfigurationList section */
	};
	rootObject = 8460DBC21ECDC2C7001D78B1 /* Project object */;
}
